
Microsoft Visual Studio Solution File, Format Version 12.00
# Visual Studio Version 17
VisualStudioVersion = 17.5.33516.290
MinimumVisualStudioVersion = 10.0.40219.1
Project("{FAE04EC0-301F-11D3-BF4B-00C04F79EFBC}") = "course.Application", "course.Application\course.Application.csproj", "{D871CBD1-0BC4-45DA-88C3-0C1D616583F1}"
EndProject
Project("{FAE04EC0-301F-11D3-BF4B-00C04F79EFBC}") = "course.Infrastructure", "course.Infrastructure\course.Infrastructure.csproj", "{B3B759F0-10B1-42E8-8D0B-6F98728F1496}"
EndProject
Project("{FAE04EC0-301F-11D3-BF4B-00C04F79EFBC}") = "course.Entities", "course.Entities\course.Entities.csproj", "{B89BBDD7-CFF9-406E-A69A-248C5F3A82CF}"
EndProject
Project("{2150E333-8FDC-42A3-9474-1A3956D46DE8}") = "presentations", "presentations", "{CB1D4C6E-1256-41C2-9F2E-F8B79A8D440E}"
EndProject
Project("{FAE04EC0-301F-11D3-BF4B-00C04F79EFBC}") = "course.Web", "course.Web\course.Web.csproj", "{D9938295-1683-4D1D-8F80-1F3AD7EB3A0B}"
EndProject
Global
	GlobalSection(SolutionConfigurationPlatforms) = preSolution
		Debug|Any CPU = Debug|Any CPU
		Release|Any CPU = Release|Any CPU
	EndGlobalSection
	GlobalSection(ProjectConfigurationPlatforms) = postSolution
		{D871CBD1-0BC4-45DA-88C3-0C1D616583F1}.Debug|Any CPU.ActiveCfg = Debug|Any CPU
		{D871CBD1-0BC4-45DA-88C3-0C1D616583F1}.Debug|Any CPU.Build.0 = Debug|Any CPU
		{D871CBD1-0BC4-45DA-88C3-0C1D616583F1}.Release|Any CPU.ActiveCfg = Release|Any CPU
		{D871CBD1-0BC4-45DA-88C3-0C1D616583F1}.Release|Any CPU.Build.0 = Release|Any CPU
		{B3B759F0-10B1-42E8-8D0B-6F98728F1496}.Debug|Any CPU.ActiveCfg = Debug|Any CPU
		{B3B759F0-10B1-42E8-8D0B-6F98728F1496}.Debug|Any CPU.Build.0 = Debug|Any CPU
		{B3B759F0-10B1-42E8-8D0B-6F98728F1496}.Release|Any CPU.ActiveCfg = Release|Any CPU
		{B3B759F0-10B1-42E8-8D0B-6F98728F1496}.Release|Any CPU.Build.0 = Release|Any CPU
		{B89BBDD7-CFF9-406E-A69A-248C5F3A82CF}.Debug|Any CPU.ActiveCfg = Debug|Any CPU
		{B89BBDD7-CFF9-406E-A69A-248C5F3A82CF}.Debug|Any CPU.Build.0 = Debug|Any CPU
		{B89BBDD7-CFF9-406E-A69A-248C5F3A82CF}.Release|Any CPU.ActiveCfg = Release|Any CPU
		{B89BBDD7-CFF9-406E-A69A-248C5F3A82CF}.Release|Any CPU.Build.0 = Release|Any CPU
		{D9938295-1683-4D1D-8F80-1F3AD7EB3A0B}.Debug|Any CPU.ActiveCfg = Debug|Any CPU
		{D9938295-1683-4D1D-8F80-1F3AD7EB3A0B}.Debug|Any CPU.Build.0 = Debug|Any CPU
		{D9938295-1683-4D1D-8F80-1F3AD7EB3A0B}.Release|Any CPU.ActiveCfg = Release|Any CPU
		{D9938295-1683-4D1D-8F80-1F3AD7EB3A0B}.Release|Any CPU.Build.0 = Release|Any CPU
	EndGlobalSection
	GlobalSection(SolutionProperties) = preSolution
		HideSolutionNode = FALSE
	EndGlobalSection
	GlobalSection(NestedProjects) = preSolution
		{D9938295-1683-4D1D-8F80-1F3AD7EB3A0B} = {CB1D4C6E-1256-41C2-9F2E-F8B79A8D440E}
	EndGlobalSection
	GlobalSection(ExtensibilityGlobals) = postSolution
		SolutionGuid = {0C7858E8-880F-4E85-9055-9D0326695CC0}
	EndGlobalSection
EndGlobal
